
Microsoft Visual Studio Solution File, Format Version 12.00
# Visual Studio Version 17
VisualStudioVersion = 17.5.002.0
MinimumVisualStudioVersion = 10.0.40219.1
Project("{9A19103F-16F7-4668-BE54-9A1E7A4F7556}") = "Task1.Tests", "Task1.Tests.csproj", "{EFE15A74-695F-4EEA-9F2B-A62A117DE34D}"
EndProject
Global
	GlobalSection(SolutionConfigurationPlatforms) = preSolution
		Debug|Any CPU = Debug|Any CPU
		Release|Any CPU = Release|Any CPU
	EndGlobalSection
	GlobalSection(ProjectConfigurationPlatforms) = postSolution
		{EFE15A74-695F-4EEA-9F2B-A62A117DE34D}.Debug|Any CPU.ActiveCfg = Debug|Any CPU
		{EFE15A74-695F-4EEA-9F2B-A62A117DE34D}.Debug|Any CPU.Build.0 = Debug|Any CPU
		{EFE15A74-695F-4EEA-9F2B-A62A117DE34D}.Release|Any CPU.ActiveCfg = Release|Any CPU
		{EFE15A74-695F-4EEA-9F2B-A62A117DE34D}.Release|Any CPU.Build.0 = Release|Any CPU
	EndGlobalSection
	GlobalSection(SolutionProperties) = preSolution
		HideSolutionNode = FALSE
	EndGlobalSection
	GlobalSection(ExtensibilityGlobals) = postSolution
		SolutionGuid = {4A539EB9-8628-43DF-929E-01A85D639B77}
	EndGlobalSection
EndGlobal
