
Microsoft Visual Studio Solution File, Format Version 12.00
# Visual Studio Version 17
VisualStudioVersion = 17.5.002.0
MinimumVisualStudioVersion = 10.0.40219.1
Project("{9A19103F-16F7-4668-BE54-9A1E7A4F7556}") = "Task1", "Task1.csproj", "{A159DF5E-0253-4872-8D39-EFB017C0F9D4}"
EndProject
Global
	GlobalSection(SolutionConfigurationPlatforms) = preSolution
		Debug|Any CPU = Debug|Any CPU
		Release|Any CPU = Release|Any CPU
	EndGlobalSection
	GlobalSection(ProjectConfigurationPlatforms) = postSolution
		{A159DF5E-0253-4872-8D39-EFB017C0F9D4}.Debug|Any CPU.ActiveCfg = Debug|Any CPU
		{A159DF5E-0253-4872-8D39-EFB017C0F9D4}.Debug|Any CPU.Build.0 = Debug|Any CPU
		{A159DF5E-0253-4872-8D39-EFB017C0F9D4}.Release|Any CPU.ActiveCfg = Release|Any CPU
		{A159DF5E-0253-4872-8D39-EFB017C0F9D4}.Release|Any CPU.Build.0 = Release|Any CPU
	EndGlobalSection
	GlobalSection(SolutionProperties) = preSolution
		HideSolutionNode = FALSE
	EndGlobalSection
	GlobalSection(ExtensibilityGlobals) = postSolution
		SolutionGuid = {43D75993-6D65-4554-B31A-B33B903810D4}
	EndGlobalSection
EndGlobal
